# THIS IS AN AUTOGENERATED FILE. DO NOT EDIT THIS FILE DIRECTLY.
# yarn lockfile v1


async-limiter@~1.0.0:
  version "1.0.0"
  resolved "https://registry.yarnpkg.com/async-limiter/-/async-limiter-1.0.0.tgz#78faed8c3d074ab81f22b4e985d79e8738f720f8"

cjopus@^0.0.4:
  version "0.0.4"
  resolved "https://registry.yarnpkg.com/cjopus/-/cjopus-0.0.4.tgz#46f3cfc96b83f7d78446de8b4cfd994b5889a9a0"

discord.io@Woor/discord.io:
  version "2.5.3"
  resolved "https://codeload.github.com/Woor/discord.io/tar.gz/1a326f096d83c3609a7ff4d98eb435225dcb2cb4"
  dependencies:
    cjopus "^0.0.4"
    tweetnacl "^0.14.0"
    ws "^1.1.0"

discord.js@^11.4.2:
  version "11.4.2"
  resolved "https://registry.yarnpkg.com/discord.js/-/discord.js-11.4.2.tgz#54586981926521572051f2a30b984aad2b49786e"
  dependencies:
    long "^4.0.0"
    prism-media "^0.0.3"
    snekfetch "^3.6.4"
    tweetnacl "^1.0.0"
    ws "^4.0.0"

long@^4.0.0:
  version "4.0.0"
  resolved "https://registry.yarnpkg.com/long/-/long-4.0.0.tgz#9a7b71cfb7d361a194ea555241c92f7468d5bf28"

options@>=0.0.5:
  version "0.0.6"
  resolved "https://registry.yarnpkg.com/options/-/options-0.0.6.tgz#ec22d312806bb53e731773e7cdaefcf1c643128f"

prism-media@^0.0.3:
  version "0.0.3"
  resolved "https://registry.yarnpkg.com/prism-media/-/prism-media-0.0.3.tgz#8842d4fae804f099d3b48a9a38e3c2bab6f4855b"

safe-buffer@~5.1.0:
  version "5.1.2"
  resolved "https://registry.yarnpkg.com/safe-buffer/-/safe-buffer-5.1.2.tgz#991ec69d296e0313747d59bdfd2b745c35f8828d"

snekfetch@^3.6.4:
  version "3.6.4"
  resolved "https://registry.yarnpkg.com/snekfetch/-/snekfetch-3.6.4.tgz#d13e80a616d892f3d38daae4289f4d258a645120"

tweetnacl@^0.14.0:
  version "0.14.5"
  resolved "https://registry.yarnpkg.com/tweetnacl/-/tweetnacl-0.14.5.tgz#5ae68177f192d4456269d108afa93ff8743f4f64"

tweetnacl@^1.0.0:
  version "1.0.0"
  resolved "https://registry.yarnpkg.com/tweetnacl/-/tweetnacl-1.0.0.tgz#713d8b818da42068740bf68386d0479e66fc8a7b"

ultron@1.0.x:
  version "1.0.2"
  resolved "https://registry.yarnpkg.com/ultron/-/ultron-1.0.2.tgz#ace116ab557cd197386a4e88f4685378c8b2e4fa"

ws@^1.1.0:
  version "1.1.5"
  resolved "https://registry.yarnpkg.com/ws/-/ws-1.1.5.tgz#cbd9e6e75e09fc5d2c90015f21f0c40875e0dd51"
  dependencies:
    options ">=0.0.5"
    ultron "1.0.x"

ws@^4.0.0:
  version "4.1.0"
  resolved "https://registry.yarnpkg.com/ws/-/ws-4.1.0.tgz#a979b5d7d4da68bf54efe0408967c324869a7289"
  dependencies:
    async-limiter "~1.0.0"
    safe-buffer "~5.1.0"
